
Microsoft Visual Studio Solution File, Format Version 12.00
# Visual Studio Version 17
VisualStudioVersion = 17.2.32630.192
MinimumVisualStudioVersion = 10.0.40219.1
Project("{FAE04EC0-301F-11D3-BF4B-00C04F79EFBC}") = "SmsDeliveryReport_svc", "SmsDeliveryReport_svc\SmsDeliveryReport_svc.csproj", "{F85BF976-79E0-4F9B-B207-D79D86E6944E}"
EndProject
Global
	GlobalSection(SolutionConfigurationPlatforms) = preSolution
		Debug|Any CPU = Debug|Any CPU
		Release|Any CPU = Release|Any CPU
	EndGlobalSection
	GlobalSection(ProjectConfigurationPlatforms) = postSolution
		{F85BF976-79E0-4F9B-B207-D79D86E6944E}.Debug|Any CPU.ActiveCfg = Debug|Any CPU
		{F85BF976-79E0-4F9B-B207-D79D86E6944E}.Debug|Any CPU.Build.0 = Debug|Any CPU
		{F85BF976-79E0-4F9B-B207-D79D86E6944E}.Release|Any CPU.ActiveCfg = Release|Any CPU
		{F85BF976-79E0-4F9B-B207-D79D86E6944E}.Release|Any CPU.Build.0 = Release|Any CPU
	EndGlobalSection
	GlobalSection(SolutionProperties) = preSolution
		HideSolutionNode = FALSE
	EndGlobalSection
	GlobalSection(ExtensibilityGlobals) = postSolution
		SolutionGuid = {EDF0B771-81F8-4601-A47E-B19F80270052}
	EndGlobalSection
EndGlobal
